{
  "version": 4,
  "terraform_version": "0.14.6",
  "serial": 63,
  "lineage": "f08c3760-2c3e-a94b-2563-5fa79f5225d0",
  "outputs": {},
  "resources": [
    {
      "mode": "data",
      "type": "digitalocean_image",
      "name": "beastly",
      "provider": "provider[\"registry.terraform.io/digitalocean/digitalocean\"]",
      "instances": [
        {
          "schema_version": 0,
          "attributes": {
            "created": "2021-02-08T17:03:03Z",
            "description": "",
            "distribution": "Ubuntu",
            "error_message": "",
            "id": 78372069,
            "image": "78372069",
            "min_disk_size": 25,
            "name": "beastly_node",
            "private": true,
            "regions": [
              "nyc3"
            ],
            "size_gigabytes": 1.47,
            "slug": "",
            "source": "user",
            "status": "available",
            "tags": [],
            "type": "snapshot"
          },
          "sensitive_attributes": []
        }
      ]
    },
    {
      "mode": "data",
      "type": "digitalocean_ssh_key",
      "name": "ubuntu_do",
      "provider": "provider[\"registry.terraform.io/digitalocean/digitalocean\"]",
      "instances": [
        {
          "schema_version": 0,
          "attributes": {
            "fingerprint": "c4:b8:9c:ed:91:f3:a4:85:09:d1:61:e9:d2:55:35:5c",
            "id": 29571184,
            "name": "ubuntu_do",
            "public_key": "ssh-rsa AAAAB3NzaC1yc2EAAAADAQABAAABgQCwpzTbyeMNdFGeACACpvjk4rG5NxwLy9Y4e99LcFzgRW1llo5N4XtoA86Hmwr6gGQx7GdxnU6xkfhJIDh75WlLYNK+nETEzQxMpZ8XK87W08Sl6tTFd9HtXHt5BLcM9yCr7BSWrZj7IiPMXg/XBXsALroh88nZ7wunbv0BRWvEm5vZEQOLzKuv4WcDhUx4G32WOIw9g4a/OlvZ3Vr5CW0gkTrvQj1CzqBbEQOKvCcdLqA0IAPSTF9d7OIB8UCRmuDZYQCaGpnfe9HqHUQL56oBdwgPNrC5ktXsblat5g+3HaEC9pCXdjvi3rYMVg8q2XR/6QuzixsxF8rfV1aCmbfMJd40GSaerKWYcKzoozx+LMnFDzOWQLb5DnMj9BORQ8xW6jel28wIla3cnseMDoGYUFr25Kr8pLU4tGDzqqJBSGvhvNTl9MdQufe9e7qoQ8E1iJEp1zkQcQnI7M8A0Q8YdmvtwKDCWjHQIVC2acHB03LCKjbHGdha5zfpsexFR+M= jack@jack-HP-ProDesk-600-G1-DM"
          },
          "sensitive_attributes": []
        }
      ]
    },
    {
      "mode": "managed",
      "type": "digitalocean_droplet",
      "name": "nodes",
      "provider": "provider[\"registry.terraform.io/digitalocean/digitalocean\"]",
      "instances": [
        {
          "index_key": 0,
          "schema_version": 1,
          "attributes": {
            "backups": false,
            "created_at": "2021-02-09T05:24:33Z",
            "disk": 25,
            "id": "230766970",
            "image": "78372069",
            "ipv4_address": "134.209.41.182",
            "ipv4_address_private": "10.132.0.2",
            "ipv6": false,
            "ipv6_address": "",
            "locked": false,
            "memory": 1024,
            "monitoring": false,
            "name": "beastly.co.ke-0",
            "price_hourly": 0.00744,
            "price_monthly": 5,
            "private_networking": true,
            "region": "nyc3",
            "resize_disk": true,
            "size": "s-1vcpu-1gb",
            "ssh_keys": [
              "29571184"
            ],
            "status": "active",
            "tags": [],
            "urn": "do:droplet:230766970",
            "user_data": null,
            "vcpus": 1,
            "volume_ids": [],
            "vpc_uuid": "9758d2de-dc84-11e8-80bc-3cfdfea9fba1"
          },
          "sensitive_attributes": [],
          "private": "eyJzY2hlbWFfdmVyc2lvbiI6IjEifQ==",
          "dependencies": [
            "data.digitalocean_image.beastly",
            "data.digitalocean_ssh_key.ubuntu_do"
          ]
        },
        {
          "index_key": 1,
          "schema_version": 1,
          "attributes": {
            "backups": false,
            "created_at": "2021-02-09T05:24:33Z",
            "disk": 25,
            "id": "230766971",
            "image": "78372069",
            "ipv4_address": "134.209.37.170",
            "ipv4_address_private": "10.132.0.3",
            "ipv6": false,
            "ipv6_address": "",
            "locked": false,
            "memory": 1024,
            "monitoring": false,
            "name": "beastly.co.ke-1",
            "price_hourly": 0.00744,
            "price_monthly": 5,
            "private_networking": true,
            "region": "nyc3",
            "resize_disk": true,
            "size": "s-1vcpu-1gb",
            "ssh_keys": [
              "29571184"
            ],
            "status": "active",
            "tags": [],
            "urn": "do:droplet:230766971",
            "user_data": null,
            "vcpus": 1,
            "volume_ids": [],
            "vpc_uuid": "9758d2de-dc84-11e8-80bc-3cfdfea9fba1"
          },
          "sensitive_attributes": [],
          "private": "eyJzY2hlbWFfdmVyc2lvbiI6IjEifQ==",
          "dependencies": [
            "data.digitalocean_image.beastly",
            "data.digitalocean_ssh_key.ubuntu_do"
          ]
        }
      ]
    },
    {
      "mode": "managed",
      "type": "null_resource",
      "name": "tester",
      "provider": "provider[\"registry.terraform.io/hashicorp/null\"]",
      "instances": [
        {
          "index_key": 0,
          "schema_version": 0,
          "attributes": {
            "id": "7580004976381807137",
            "triggers": null
          },
          "sensitive_attributes": [],
          "private": "bnVsbA==",
          "dependencies": [
            "data.digitalocean_image.beastly",
            "data.digitalocean_ssh_key.ubuntu_do",
            "digitalocean_droplet.nodes"
          ]
        },
        {
          "index_key": 1,
          "schema_version": 0,
          "attributes": {
            "id": "3946496325821041761",
            "triggers": null
          },
          "sensitive_attributes": [],
          "private": "bnVsbA==",
          "dependencies": [
            "data.digitalocean_image.beastly",
            "data.digitalocean_ssh_key.ubuntu_do",
            "digitalocean_droplet.nodes"
          ]
        }
      ]
    }
  ]
}
