{
  "version": 4,
  "terraform_version": "0.14.6",
  "serial": 699,
  "lineage": "f08c3760-2c3e-a94b-2563-5fa79f5225d0",
  "outputs": {
    "ips": {
      "value": [
        "134.122.9.56",
        "134.122.9.6",
        "134.122.9.38"
      ],
      "type": [
        "tuple",
        [
          "string",
          "string",
          "string"
        ]
      ]
    }
  },
  "resources": [
    {
      "mode": "data",
      "type": "digitalocean_image",
      "name": "beastly",
      "provider": "provider[\"registry.terraform.io/digitalocean/digitalocean\"]",
      "instances": [
        {
          "schema_version": 0,
          "attributes": {
            "created": "2021-02-08T17:03:03Z",
            "description": "",
            "distribution": "Ubuntu",
            "error_message": "",
            "id": 78372069,
            "image": "78372069",
            "min_disk_size": 25,
            "name": "beastly_node",
            "private": true,
            "regions": [
              "nyc3"
            ],
            "size_gigabytes": 1.47,
            "slug": "",
            "source": "user",
            "status": "available",
            "tags": [],
            "type": "snapshot"
          },
          "sensitive_attributes": []
        }
      ]
    },
    {
      "mode": "data",
      "type": "digitalocean_ssh_key",
      "name": "ubuntu_do",
      "provider": "provider[\"registry.terraform.io/digitalocean/digitalocean\"]",
      "instances": [
        {
          "schema_version": 0,
          "attributes": {
            "fingerprint": "c4:b8:9c:ed:91:f3:a4:85:09:d1:61:e9:d2:55:35:5c",
            "id": 29571184,
            "name": "ubuntu_do",
            "public_key": "ssh-rsa AAAAB3NzaC1yc2EAAAADAQABAAABgQCwpzTbyeMNdFGeACACpvjk4rG5NxwLy9Y4e99LcFzgRW1llo5N4XtoA86Hmwr6gGQx7GdxnU6xkfhJIDh75WlLYNK+nETEzQxMpZ8XK87W08Sl6tTFd9HtXHt5BLcM9yCr7BSWrZj7IiPMXg/XBXsALroh88nZ7wunbv0BRWvEm5vZEQOLzKuv4WcDhUx4G32WOIw9g4a/OlvZ3Vr5CW0gkTrvQj1CzqBbEQOKvCcdLqA0IAPSTF9d7OIB8UCRmuDZYQCaGpnfe9HqHUQL56oBdwgPNrC5ktXsblat5g+3HaEC9pCXdjvi3rYMVg8q2XR/6QuzixsxF8rfV1aCmbfMJd40GSaerKWYcKzoozx+LMnFDzOWQLb5DnMj9BORQ8xW6jel28wIla3cnseMDoGYUFr25Kr8pLU4tGDzqqJBSGvhvNTl9MdQufe9e7qoQ8E1iJEp1zkQcQnI7M8A0Q8YdmvtwKDCWjHQIVC2acHB03LCKjbHGdha5zfpsexFR+M= jack@jack-HP-ProDesk-600-G1-DM"
          },
          "sensitive_attributes": []
        }
      ]
    },
    {
      "mode": "managed",
      "type": "digitalocean_droplet",
      "name": "nodes",
      "provider": "provider[\"registry.terraform.io/digitalocean/digitalocean\"]",
      "instances": [
        {
          "index_key": 0,
          "schema_version": 1,
          "attributes": {
            "backups": false,
            "created_at": "2021-02-11T12:54:54Z",
            "disk": 25,
            "id": "231182467",
            "image": "78372069",
            "ipv4_address": "134.122.9.56",
            "ipv4_address_private": "10.132.0.4",
            "ipv6": false,
            "ipv6_address": "",
            "locked": false,
            "memory": 1024,
            "monitoring": false,
            "name": "beastly.co.ke-0",
            "price_hourly": 0.00744,
            "price_monthly": 5,
            "private_networking": true,
            "region": "nyc3",
            "resize_disk": true,
            "size": "s-1vcpu-1gb",
            "ssh_keys": [
              "29571184"
            ],
            "status": "active",
            "tags": null,
            "urn": "do:droplet:231182467",
            "user_data": null,
            "vcpus": 1,
            "volume_ids": [],
            "vpc_uuid": "9758d2de-dc84-11e8-80bc-3cfdfea9fba1"
          },
          "sensitive_attributes": [],
          "private": "eyJzY2hlbWFfdmVyc2lvbiI6IjEifQ==",
          "dependencies": [
            "data.digitalocean_image.beastly",
            "data.digitalocean_ssh_key.ubuntu_do"
          ]
        },
        {
          "index_key": 1,
          "schema_version": 1,
          "attributes": {
            "backups": false,
            "created_at": "2021-02-11T12:54:53Z",
            "disk": 25,
            "id": "231182463",
            "image": "78372069",
            "ipv4_address": "134.122.9.6",
            "ipv4_address_private": "10.132.0.2",
            "ipv6": false,
            "ipv6_address": "",
            "locked": false,
            "memory": 1024,
            "monitoring": false,
            "name": "beastly.co.ke-1",
            "price_hourly": 0.00744,
            "price_monthly": 5,
            "private_networking": true,
            "region": "nyc3",
            "resize_disk": true,
            "size": "s-1vcpu-1gb",
            "ssh_keys": [
              "29571184"
            ],
            "status": "active",
            "tags": null,
            "urn": "do:droplet:231182463",
            "user_data": null,
            "vcpus": 1,
            "volume_ids": [],
            "vpc_uuid": "9758d2de-dc84-11e8-80bc-3cfdfea9fba1"
          },
          "sensitive_attributes": [],
          "private": "eyJzY2hlbWFfdmVyc2lvbiI6IjEifQ==",
          "dependencies": [
            "data.digitalocean_image.beastly",
            "data.digitalocean_ssh_key.ubuntu_do"
          ]
        },
        {
          "index_key": 2,
          "schema_version": 1,
          "attributes": {
            "backups": false,
            "created_at": "2021-02-11T12:54:54Z",
            "disk": 25,
            "id": "231182468",
            "image": "78372069",
            "ipv4_address": "134.122.9.38",
            "ipv4_address_private": "10.132.0.3",
            "ipv6": false,
            "ipv6_address": "",
            "locked": false,
            "memory": 1024,
            "monitoring": false,
            "name": "beastly.co.ke-2",
            "price_hourly": 0.00744,
            "price_monthly": 5,
            "private_networking": true,
            "region": "nyc3",
            "resize_disk": true,
            "size": "s-1vcpu-1gb",
            "ssh_keys": [
              "29571184"
            ],
            "status": "active",
            "tags": null,
            "urn": "do:droplet:231182468",
            "user_data": null,
            "vcpus": 1,
            "volume_ids": [],
            "vpc_uuid": "9758d2de-dc84-11e8-80bc-3cfdfea9fba1"
          },
          "sensitive_attributes": [],
          "private": "eyJzY2hlbWFfdmVyc2lvbiI6IjEifQ==",
          "dependencies": [
            "data.digitalocean_image.beastly",
            "data.digitalocean_ssh_key.ubuntu_do"
          ]
        }
      ]
    },
    {
      "mode": "managed",
      "type": "local_file",
      "name": "group_vars",
      "provider": "provider[\"registry.terraform.io/hashicorp/local\"]",
      "instances": [
        {
          "schema_version": 0,
          "attributes": {
            "content": "k3s_release_version: v1.20.2+k3s1\nk3s_build_cluster: true\nk3s_control_node_address: 10.0.8.1\n",
            "content_base64": null,
            "directory_permission": "0777",
            "file_permission": "0777",
            "filename": "./ansible/group_vars/all",
            "id": "c81854f813c803ba3bea85e099a6ccdfd884125b",
            "sensitive_content": null,
            "source": null
          },
          "sensitive_attributes": [],
          "private": "bnVsbA=="
        }
      ]
    },
    {
      "mode": "managed",
      "type": "local_file",
      "name": "host_vars_agent",
      "provider": "provider[\"registry.terraform.io/hashicorp/local\"]",
      "instances": [
        {
          "index_key": 0,
          "schema_version": 0,
          "attributes": {
            "content": "---\nwireguard_address: \"10.0.8.2\"\nwireguard_port: 51820\nwireguard_endpoint: \"134.122.9.56\"\nwireguard_persistent_keepalive: \"30\"\n\nk3s_agent:\n  node-name: \"node1\"\n  with-node-id: true\n  node-ip: \"10.0.8.2\"\n  node-external-ip: \"10.0.8.2\"\n",
            "content_base64": null,
            "directory_permission": "0777",
            "file_permission": "0777",
            "filename": "./ansible/host_vars/node1",
            "id": "64196c4e172396853c483ae88cc508a8809e3f4a",
            "sensitive_content": null,
            "source": null
          },
          "sensitive_attributes": [],
          "private": "bnVsbA==",
          "dependencies": [
            "data.digitalocean_image.beastly",
            "data.digitalocean_ssh_key.ubuntu_do",
            "digitalocean_droplet.nodes"
          ]
        },
        {
          "index_key": 1,
          "schema_version": 0,
          "attributes": {
            "content": "---\nwireguard_address: \"10.0.8.3\"\nwireguard_port: 51820\nwireguard_endpoint: \"134.122.9.6\"\nwireguard_persistent_keepalive: \"30\"\n\nk3s_agent:\n  node-name: \"node2\"\n  with-node-id: true\n  node-ip: \"10.0.8.3\"\n  node-external-ip: \"10.0.8.3\"\n",
            "content_base64": null,
            "directory_permission": "0777",
            "file_permission": "0777",
            "filename": "./ansible/host_vars/node2",
            "id": "ae20937063be1c899ed439a1f854692b6c1cff8b",
            "sensitive_content": null,
            "source": null
          },
          "sensitive_attributes": [],
          "private": "bnVsbA==",
          "dependencies": [
            "data.digitalocean_image.beastly",
            "data.digitalocean_ssh_key.ubuntu_do",
            "digitalocean_droplet.nodes"
          ]
        }
      ]
    },
    {
      "mode": "managed",
      "type": "local_file",
      "name": "host_vars_master",
      "provider": "provider[\"registry.terraform.io/hashicorp/local\"]",
      "instances": [
        {
          "schema_version": 0,
          "attributes": {
            "content": "---\nwireguard_address: \"10.0.8.1\"\nwireguard_port: 51820\nwireguard_endpoint: \"134.122.9.38\"\nwireguard_persistent_keepalive: \"30\"\n\nk3s_control_node: true\n# k3s_server_manifests_templates:\n#   - calico.yaml\nk3s_server:\n  node-ip: \"10.0.8.1\"\n  node-external-ip: \"10.0.8.1\"\n  flannel-backend: \"none\"\n  disable-network-policy: true\n  cluster-cidr: \"192.168.0.0/16\"\n",
            "content_base64": null,
            "directory_permission": "0777",
            "file_permission": "0777",
            "filename": "./ansible/host_vars/node0",
            "id": "cd6e68fdb10fd3ef54aebf698f012a6a38037e90",
            "sensitive_content": null,
            "source": null
          },
          "sensitive_attributes": [],
          "private": "bnVsbA==",
          "dependencies": [
            "data.digitalocean_image.beastly",
            "data.digitalocean_ssh_key.ubuntu_do",
            "digitalocean_droplet.nodes"
          ]
        }
      ]
    },
    {
      "mode": "managed",
      "type": "local_file",
      "name": "hosts",
      "provider": "provider[\"registry.terraform.io/hashicorp/local\"]",
      "instances": [
        {
          "schema_version": 0,
          "attributes": {
            "content": "[master]\nnode0 ansible_host=134.122.9.38\n\n[agent]\nnode1 ansible_host=134.122.9.56\nnode2 ansible_host=134.122.9.6\n\n[k3s_cluster:children]\nmaster\nagent\n",
            "content_base64": null,
            "directory_permission": "0777",
            "file_permission": "0777",
            "filename": "./ansible/hosts",
            "id": "c4e2a1334e58908ec8ec418ed6111f6dca28dfad",
            "sensitive_content": null,
            "source": null
          },
          "sensitive_attributes": [],
          "private": "bnVsbA==",
          "dependencies": [
            "data.digitalocean_image.beastly",
            "data.digitalocean_ssh_key.ubuntu_do",
            "digitalocean_droplet.nodes"
          ]
        }
      ]
    },
    {
      "mode": "managed",
      "type": "null_resource",
      "name": "tester",
      "provider": "provider[\"registry.terraform.io/hashicorp/null\"]",
      "instances": [
        {
          "index_key": 0,
          "schema_version": 0,
          "attributes": {
            "id": "4896022361602487492",
            "triggers": null
          },
          "sensitive_attributes": [],
          "private": "bnVsbA==",
          "dependencies": [
            "data.digitalocean_image.beastly",
            "data.digitalocean_ssh_key.ubuntu_do",
            "digitalocean_droplet.nodes"
          ]
        },
        {
          "index_key": 1,
          "schema_version": 0,
          "attributes": {
            "id": "5337124359881002289",
            "triggers": null
          },
          "sensitive_attributes": [],
          "private": "bnVsbA==",
          "dependencies": [
            "data.digitalocean_image.beastly",
            "data.digitalocean_ssh_key.ubuntu_do",
            "digitalocean_droplet.nodes"
          ]
        },
        {
          "index_key": 2,
          "schema_version": 0,
          "attributes": {
            "id": "2560853082867638511",
            "triggers": null
          },
          "sensitive_attributes": [],
          "private": "bnVsbA==",
          "dependencies": [
            "data.digitalocean_image.beastly",
            "data.digitalocean_ssh_key.ubuntu_do",
            "digitalocean_droplet.nodes"
          ]
        }
      ]
    }
  ]
}
