{
  "version": 4,
  "terraform_version": "0.14.6",
  "serial": 333,
  "lineage": "f08c3760-2c3e-a94b-2563-5fa79f5225d0",
  "outputs": {},
  "resources": [
    {
      "mode": "data",
      "type": "digitalocean_image",
      "name": "beastly",
      "provider": "provider[\"registry.terraform.io/digitalocean/digitalocean\"]",
      "instances": [
        {
          "schema_version": 0,
          "attributes": {
            "created": "2021-02-08T17:03:03Z",
            "description": "",
            "distribution": "Ubuntu",
            "error_message": "",
            "id": 78372069,
            "image": "78372069",
            "min_disk_size": 25,
            "name": "beastly_node",
            "private": true,
            "regions": [
              "nyc3"
            ],
            "size_gigabytes": 1.47,
            "slug": "",
            "source": "user",
            "status": "available",
            "tags": [],
            "type": "snapshot"
          },
          "sensitive_attributes": []
        }
      ]
    },
    {
      "mode": "data",
      "type": "digitalocean_ssh_key",
      "name": "ubuntu_do",
      "provider": "provider[\"registry.terraform.io/digitalocean/digitalocean\"]",
      "instances": [
        {
          "schema_version": 0,
          "attributes": {
            "fingerprint": "c4:b8:9c:ed:91:f3:a4:85:09:d1:61:e9:d2:55:35:5c",
            "id": 29571184,
            "name": "ubuntu_do",
            "public_key": "ssh-rsa AAAAB3NzaC1yc2EAAAADAQABAAABgQCwpzTbyeMNdFGeACACpvjk4rG5NxwLy9Y4e99LcFzgRW1llo5N4XtoA86Hmwr6gGQx7GdxnU6xkfhJIDh75WlLYNK+nETEzQxMpZ8XK87W08Sl6tTFd9HtXHt5BLcM9yCr7BSWrZj7IiPMXg/XBXsALroh88nZ7wunbv0BRWvEm5vZEQOLzKuv4WcDhUx4G32WOIw9g4a/OlvZ3Vr5CW0gkTrvQj1CzqBbEQOKvCcdLqA0IAPSTF9d7OIB8UCRmuDZYQCaGpnfe9HqHUQL56oBdwgPNrC5ktXsblat5g+3HaEC9pCXdjvi3rYMVg8q2XR/6QuzixsxF8rfV1aCmbfMJd40GSaerKWYcKzoozx+LMnFDzOWQLb5DnMj9BORQ8xW6jel28wIla3cnseMDoGYUFr25Kr8pLU4tGDzqqJBSGvhvNTl9MdQufe9e7qoQ8E1iJEp1zkQcQnI7M8A0Q8YdmvtwKDCWjHQIVC2acHB03LCKjbHGdha5zfpsexFR+M= jack@jack-HP-ProDesk-600-G1-DM"
          },
          "sensitive_attributes": []
        }
      ]
    },
    {
      "mode": "managed",
      "type": "local_file",
      "name": "group_vars",
      "provider": "provider[\"registry.terraform.io/hashicorp/local\"]",
      "instances": [
        {
          "schema_version": 0,
          "attributes": {
            "content": "k3s_release_version: v1.20.2+k3s1\nk3s_build_cluster: true\nk3s_control_node_address: 10.0.8.1\n",
            "content_base64": null,
            "directory_permission": "0777",
            "file_permission": "0777",
            "filename": "./ansible/group_vars/all",
            "id": "c81854f813c803ba3bea85e099a6ccdfd884125b",
            "sensitive_content": null,
            "source": null
          },
          "sensitive_attributes": [],
          "private": "bnVsbA=="
        }
      ]
    },
    {
      "mode": "managed",
      "type": "local_file",
      "name": "host_vars_agent",
      "provider": "provider[\"registry.terraform.io/hashicorp/local\"]",
      "instances": []
    },
    {
      "mode": "managed",
      "type": "local_file",
      "name": "host_vars_master",
      "provider": "provider[\"registry.terraform.io/hashicorp/local\"]",
      "instances": []
    },
    {
      "mode": "managed",
      "type": "local_file",
      "name": "hosts",
      "provider": "provider[\"registry.terraform.io/hashicorp/local\"]",
      "instances": []
    },
    {
      "mode": "managed",
      "type": "null_resource",
      "name": "tester",
      "provider": "provider[\"registry.terraform.io/hashicorp/null\"]",
      "instances": []
    }
  ]
}
